
Microsoft Visual Studio Solution File, Format Version 12.00
# Visual Studio 15
VisualStudioVersion = 15.0.28307.489
MinimumVisualStudioVersion = 10.0.40219.1
Project("{FAE04EC0-301F-11D3-BF4B-00C04F79EFBC}") = "Interpreter", "Interpreter\Interpreter.csproj", "{DBE574B6-CA8B-403D-A474-005D0519EA20}"
EndProject
Global
	GlobalSection(SolutionConfigurationPlatforms) = preSolution
		Debug|Any CPU = Debug|Any CPU
		Release|Any CPU = Release|Any CPU
	EndGlobalSection
	GlobalSection(ProjectConfigurationPlatforms) = postSolution
		{DBE574B6-CA8B-403D-A474-005D0519EA20}.Debug|Any CPU.ActiveCfg = Debug|Any CPU
		{DBE574B6-CA8B-403D-A474-005D0519EA20}.Debug|Any CPU.Build.0 = Debug|Any CPU
		{DBE574B6-CA8B-403D-A474-005D0519EA20}.Release|Any CPU.ActiveCfg = Release|Any CPU
		{DBE574B6-CA8B-403D-A474-005D0519EA20}.Release|Any CPU.Build.0 = Release|Any CPU
	EndGlobalSection
	GlobalSection(SolutionProperties) = preSolution
		HideSolutionNode = FALSE
	EndGlobalSection
	GlobalSection(ExtensibilityGlobals) = postSolution
		SolutionGuid = {412A8A14-34D2-4E74-8B1D-FDFC9238B4AC}
	EndGlobalSection
EndGlobal
